{
	"name": "debate",
	"version": "0.1.0",
	"lockfileVersion": 1,
	"requires": true,
	"dependencies": {
		"diff": {
			"version": "3.3.0",
			"resolved": "https://registry.npmjs.org/diff/-/diff-3.3.0.tgz",
			"integrity": "sha512-w0XZubFWn0Adlsapj9EAWX0FqWdO4tz8kc3RiYdWLh4k/V8PTb6i0SMgXt0vRM3zyKnT8tKO7mUlieRQHIjMNg=="
		},
		"yield-yield": {
			"version": "1.3.1",
			"resolved": "https://registry.npmjs.org/yield-yield/-/yield-yield-1.3.1.tgz",
			"integrity": "sha1-k0eSbuga9RjgPsFXUZhYA6fFD2Y="
		}
	}
}
